// !$*UTF8*$!
{
	archiveVersion = 1;
	classes = {
	};
	objectVersion = 55;
	objects = {

/* Begin PBXBuildFile section */
		1D261547281A8D4E00653609 /* CollectionTableViewCell.swift in Sources */ = {isa = PBXBuildFile; fileRef = 1D261545281A8D4E00653609 /* CollectionTableViewCell.swift */; };
		1D261548281A8D4E00653609 /* CollectionTableViewCell.xib in Resources */ = {isa = PBXBuildFile; fileRef = 1D261546281A8D4E00653609 /* CollectionTableViewCell.xib */; };
		1D26154B281A8D7D00653609 /* MyCollectionViewCell.swift in Sources */ = {isa = PBXBuildFile; fileRef = 1D261549281A8D7D00653609 /* MyCollectionViewCell.swift */; };
		1D26154C281A8D7D00653609 /* MyCollectionViewCell.xib in Resources */ = {isa = PBXBuildFile; fileRef = 1D26154A281A8D7D00653609 /* MyCollectionViewCell.xib */; };
		1D2C9BFD281A6FBC00061B5B /* AppDelegate.swift in Sources */ = {isa = PBXBuildFile; fileRef = 1D2C9BFC281A6FBC00061B5B /* AppDelegate.swift */; };
		1D2C9BFF281A6FBC00061B5B /* SceneDelegate.swift in Sources */ = {isa = PBXBuildFile; fileRef = 1D2C9BFE281A6FBC00061B5B /* SceneDelegate.swift */; };
		1D2C9C01281A6FBC00061B5B /* ViewController.swift in Sources */ = {isa = PBXBuildFile; fileRef = 1D2C9C00281A6FBC00061B5B /* ViewController.swift */; };
		1D2C9C04281A6FBC00061B5B /* Main.storyboard in Resources */ = {isa = PBXBuildFile; fileRef = 1D2C9C02281A6FBC00061B5B /* Main.storyboard */; };
		1D2C9C06281A6FBD00061B5B /* Assets.xcassets in Resources */ = {isa = PBXBuildFile; fileRef = 1D2C9C05281A6FBD00061B5B /* Assets.xcassets */; };
		1D2C9C09281A6FBD00061B5B /* LaunchScreen.storyboard in Resources */ = {isa = PBXBuildFile; fileRef = 1D2C9C07281A6FBD00061B5B /* LaunchScreen.storyboard */; };
		1D4C24D4281BE8EC0092873E /* AddPhotoViewController.swift in Sources */ = {isa = PBXBuildFile; fileRef = 1D4C24D3281BE8EC0092873E /* AddPhotoViewController.swift */; };
		1DC55A3928252BBC009CFE41 /* Clothe.swift in Sources */ = {isa = PBXBuildFile; fileRef = 1DC55A3828252BBC009CFE41 /* Clothe.swift */; };
		1DC55A3B28252BEF009CFE41 /* ClotheFeeder.swift in Sources */ = {isa = PBXBuildFile; fileRef = 1DC55A3A28252BEF009CFE41 /* ClotheFeeder.swift */; };
/* End PBXBuildFile section */

/* Begin PBXFileReference section */
		1D261545281A8D4E00653609 /* CollectionTableViewCell.swift */ = {isa = PBXFileReference; lastKnownFileType = sourcecode.swift; path = CollectionTableViewCell.swift; sourceTree = "<group>"; };
		1D261546281A8D4E00653609 /* CollectionTableViewCell.xib */ = {isa = PBXFileReference; lastKnownFileType = file.xib; path = CollectionTableViewCell.xib; sourceTree = "<group>"; };
		1D261549281A8D7D00653609 /* MyCollectionViewCell.swift */ = {isa = PBXFileReference; lastKnownFileType = sourcecode.swift; path = MyCollectionViewCell.swift; sourceTree = "<group>"; };
		1D26154A281A8D7D00653609 /* MyCollectionViewCell.xib */ = {isa = PBXFileReference; lastKnownFileType = file.xib; path = MyCollectionViewCell.xib; sourceTree = "<group>"; };
		1D2C9BF9281A6FBC00061B5B /* NanoChallenge1.app */ = {isa = PBXFileReference; explicitFileType = wrapper.application; includeInIndex = 0; path = NanoChallenge1.app; sourceTree = BUILT_PRODUCTS_DIR; };
		1D2C9BFC281A6FBC00061B5B /* AppDelegate.swift */ = {isa = PBXFileReference; lastKnownFileType = sourcecode.swift; path = AppDelegate.swift; sourceTree = "<group>"; };
		1D2C9BFE281A6FBC00061B5B /* SceneDelegate.swift */ = {isa = PBXFileReference; lastKnownFileType = sourcecode.swift; path = SceneDelegate.swift; sourceTree = "<group>"; };
		1D2C9C00281A6FBC00061B5B /* ViewController.swift */ = {isa = PBXFileReference; lastKnownFileType = sourcecode.swift; path = ViewController.swift; sourceTree = "<group>"; };
		1D2C9C03281A6FBC00061B5B /* Base */ = {isa = PBXFileReference; lastKnownFileType = file.storyboard; name = Base; path = Base.lproj/Main.storyboard; sourceTree = "<group>"; };
		1D2C9C05281A6FBD00061B5B /* Assets.xcassets */ = {isa = PBXFileReference; lastKnownFileType = folder.assetcatalog; path = Assets.xcassets; sourceTree = "<group>"; };
		1D2C9C08281A6FBD00061B5B /* Base */ = {isa = PBXFileReference; lastKnownFileType = file.storyboard; name = Base; path = Base.lproj/LaunchScreen.storyboard; sourceTree = "<group>"; };
		1D2C9C0A281A6FBD00061B5B /* Info.plist */ = {isa = PBXFileReference; lastKnownFileType = text.plist.xml; path = Info.plist; sourceTree = "<group>"; };
		1D4C24D3281BE8EC0092873E /* AddPhotoViewController.swift */ = {isa = PBXFileReference; lastKnownFileType = sourcecode.swift; path = AddPhotoViewController.swift; sourceTree = "<group>"; };
		1DC55A3828252BBC009CFE41 /* Clothe.swift */ = {isa = PBXFileReference; lastKnownFileType = sourcecode.swift; path = Clothe.swift; sourceTree = "<group>"; };
		1DC55A3A28252BEF009CFE41 /* ClotheFeeder.swift */ = {isa = PBXFileReference; lastKnownFileType = sourcecode.swift; path = ClotheFeeder.swift; sourceTree = "<group>"; };
/* End PBXFileReference section */

/* Begin PBXFrameworksBuildPhase section */
		1D2C9BF6281A6FBC00061B5B /* Frameworks */ = {
			isa = PBXFrameworksBuildPhase;
			buildActionMask = 2147483647;
			files = (
			);
			runOnlyForDeploymentPostprocessing = 0;
		};
/* End PBXFrameworksBuildPhase section */

/* Begin PBXGroup section */
		1D2C9BF0281A6FBC00061B5B = {
			isa = PBXGroup;
			children = (
				1D2C9BFB281A6FBC00061B5B /* NanoChallenge1 */,
				1D2C9BFA281A6FBC00061B5B /* Products */,
			);
			sourceTree = "<group>";
		};
		1D2C9BFA281A6FBC00061B5B /* Products */ = {
			isa = PBXGroup;
			children = (
				1D2C9BF9281A6FBC00061B5B /* NanoChallenge1.app */,
			);
			name = Products;
			sourceTree = "<group>";
		};
		1D2C9BFB281A6FBC00061B5B /* NanoChallenge1 */ = {
			isa = PBXGroup;
			children = (
				1D2C9C16281A8CB900061B5B /* Collection Cell */,
				1D2C9C15281A8CAF00061B5B /* Table Cell */,
				1D2C9BFC281A6FBC00061B5B /* AppDelegate.swift */,
				1D2C9BFE281A6FBC00061B5B /* SceneDelegate.swift */,
				1D2C9C00281A6FBC00061B5B /* ViewController.swift */,
				1DC55A3828252BBC009CFE41 /* Clothe.swift */,
				1DC55A3A28252BEF009CFE41 /* ClotheFeeder.swift */,
				1D2C9C02281A6FBC00061B5B /* Main.storyboard */,
				1D4C24D3281BE8EC0092873E /* AddPhotoViewController.swift */,
				1D2C9C05281A6FBD00061B5B /* Assets.xcassets */,
				1D2C9C07281A6FBD00061B5B /* LaunchScreen.storyboard */,
				1D2C9C0A281A6FBD00061B5B /* Info.plist */,
			);
			path = NanoChallenge1;
			sourceTree = "<group>";
		};
		1D2C9C15281A8CAF00061B5B /* Table Cell */ = {
			isa = PBXGroup;
			children = (
				1D261545281A8D4E00653609 /* CollectionTableViewCell.swift */,
				1D261546281A8D4E00653609 /* CollectionTableViewCell.xib */,
			);
			path = "Table Cell";
			sourceTree = "<group>";
		};
		1D2C9C16281A8CB900061B5B /* Collection Cell */ = {
			isa = PBXGroup;
			children = (
				1D261549281A8D7D00653609 /* MyCollectionViewCell.swift */,
				1D26154A281A8D7D00653609 /* MyCollectionViewCell.xib */,
			);
			path = "Collection Cell";
			sourceTree = "<group>";
		};
/* End PBXGroup section */

/* Begin PBXNativeTarget section */
		1D2C9BF8281A6FBC00061B5B /* NanoChallenge1 */ = {
			isa = PBXNativeTarget;
			buildConfigurationList = 1D2C9C0D281A6FBD00061B5B /* Build configuration list for PBXNativeTarget "NanoChallenge1" */;
			buildPhases = (
				1D2C9BF5281A6FBC00061B5B /* Sources */,
				1D2C9BF6281A6FBC00061B5B /* Frameworks */,
				1D2C9BF7281A6FBC00061B5B /* Resources */,
			);
			buildRules = (
			);
			dependencies = (
			);
			name = NanoChallenge1;
			productName = NanoChallenge1;
			productReference = 1D2C9BF9281A6FBC00061B5B /* NanoChallenge1.app */;
			productType = "com.apple.product-type.application";
		};
/* End PBXNativeTarget section */

/* Begin PBXProject section */
		1D2C9BF1281A6FBC00061B5B /* Project object */ = {
			isa = PBXProject;
			attributes = {
				BuildIndependentTargetsInParallel = 1;
				LastSwiftUpdateCheck = 1330;
				LastUpgradeCheck = 1330;
				TargetAttributes = {
					1D2C9BF8281A6FBC00061B5B = {
						CreatedOnToolsVersion = 13.3.1;
					};
				};
			};
			buildConfigurationList = 1D2C9BF4281A6FBC00061B5B /* Build configuration list for PBXProject "NanoChallenge1" */;
			compatibilityVersion = "Xcode 13.0";
			developmentRegion = en;
			hasScannedForEncodings = 0;
			knownRegions = (
				en,
				Base,
			);
			mainGroup = 1D2C9BF0281A6FBC00061B5B;
			productRefGroup = 1D2C9BFA281A6FBC00061B5B /* Products */;
			projectDirPath = "";
			projectRoot = "";
			targets = (
				1D2C9BF8281A6FBC00061B5B /* NanoChallenge1 */,
			);
		};
/* End PBXProject section */

/* Begin PBXResourcesBuildPhase section */
		1D2C9BF7281A6FBC00061B5B /* Resources */ = {
			isa = PBXResourcesBuildPhase;
			buildActionMask = 2147483647;
			files = (
				1D26154C281A8D7D00653609 /* MyCollectionViewCell.xib in Resources */,
				1D2C9C09281A6FBD00061B5B /* LaunchScreen.storyboard in Resources */,
				1D2C9C06281A6FBD00061B5B /* Assets.xcassets in Resources */,
				1D2C9C04281A6FBC00061B5B /* Main.storyboard in Resources */,
				1D261548281A8D4E00653609 /* CollectionTableViewCell.xib in Resources */,
			);
			runOnlyForDeploymentPostprocessing = 0;
		};
/* End PBXResourcesBuildPhase section */

/* Begin PBXSourcesBuildPhase section */
		1D2C9BF5281A6FBC00061B5B /* Sources */ = {
			isa = PBXSourcesBuildPhase;
			buildActionMask = 2147483647;
			files = (
				1D2C9C01281A6FBC00061B5B /* ViewController.swift in Sources */,
				1D4C24D4281BE8EC0092873E /* AddPhotoViewController.swift in Sources */,
				1D26154B281A8D7D00653609 /* MyCollectionViewCell.swift in Sources */,
				1D2C9BFD281A6FBC00061B5B /* AppDelegate.swift in Sources */,
				1D2C9BFF281A6FBC00061B5B /* SceneDelegate.swift in Sources */,
				1DC55A3928252BBC009CFE41 /* Clothe.swift in Sources */,
				1D261547281A8D4E00653609 /* CollectionTableViewCell.swift in Sources */,
				1DC55A3B28252BEF009CFE41 /* ClotheFeeder.swift in Sources */,
			);
			runOnlyForDeploymentPostprocessing = 0;
		};
/* End PBXSourcesBuildPhase section */

/* Begin PBXVariantGroup section */
		1D2C9C02281A6FBC00061B5B /* Main.storyboard */ = {
			isa = PBXVariantGroup;
			children = (
				1D2C9C03281A6FBC00061B5B /* Base */,
			);
			name = Main.storyboard;
			sourceTree = "<group>";
		};
		1D2C9C07281A6FBD00061B5B /* LaunchScreen.storyboard */ = {
			isa = PBXVariantGroup;
			children = (
				1D2C9C08281A6FBD00061B5B /* Base */,
			);
			name = LaunchScreen.storyboard;
			sourceTree = "<group>";
		};
/* End PBXVariantGroup section */

/* Begin XCBuildConfiguration section */
		1D2C9C0B281A6FBD00061B5B /* Debug */ = {
			isa = XCBuildConfiguration;
			buildSettings = {
				ALWAYS_SEARCH_USER_PATHS = NO;
				CLANG_ANALYZER_NONNULL = YES;
				CLANG_ANALYZER_NUMBER_OBJECT_CONVERSION = YES_AGGRESSIVE;
				CLANG_CXX_LANGUAGE_STANDARD = "gnu++17";
				CLANG_ENABLE_MODULES = YES;
				CLANG_ENABLE_OBJC_ARC = YES;
				CLANG_ENABLE_OBJC_WEAK = YES;
				CLANG_WARN_BLOCK_CAPTURE_AUTORELEASING = YES;
				CLANG_WARN_BOOL_CONVERSION = YES;
				CLANG_WARN_COMMA = YES;
				CLANG_WARN_CONSTANT_CONVERSION = YES;
				CLANG_WARN_DEPRECATED_OBJC_IMPLEMENTATIONS = YES;
				CLANG_WARN_DIRECT_OBJC_ISA_USAGE = YES_ERROR;
				CLANG_WARN_DOCUMENTATION_COMMENTS = YES;
				CLANG_WARN_EMPTY_BODY = YES;
				CLANG_WARN_ENUM_CONVERSION = YES;
				CLANG_WARN_INFINITE_RECURSION = YES;
				CLANG_WARN_INT_CONVERSION = YES;
				CLANG_WARN_NON_LITERAL_NULL_CONVERSION = YES;
				CLANG_WARN_OBJC_IMPLICIT_RETAIN_SELF = YES;
				CLANG_WARN_OBJC_LITERAL_CONVERSION = YES;
				CLANG_WARN_OBJC_ROOT_CLASS = YES_ERROR;
				CLANG_WARN_QUOTED_INCLUDE_IN_FRAMEWORK_HEADER = YES;
				CLANG_WARN_RANGE_LOOP_ANALYSIS = YES;
				CLANG_WARN_STRICT_PROTOTYPES = YES;
				CLANG_WARN_SUSPICIOUS_MOVE = YES;
				CLANG_WARN_UNGUARDED_AVAILABILITY = YES_AGGRESSIVE;
				CLANG_WARN_UNREACHABLE_CODE = YES;
				CLANG_WARN__DUPLICATE_METHOD_MATCH = YES;
				COPY_PHASE_STRIP = NO;
				DEBUG_INFORMATION_FORMAT = dwarf;
				ENABLE_STRICT_OBJC_MSGSEND = YES;
				ENABLE_TESTABILITY = YES;
				GCC_C_LANGUAGE_STANDARD = gnu11;
				GCC_DYNAMIC_NO_PIC = NO;
				GCC_NO_COMMON_BLOCKS = YES;
				GCC_OPTIMIZATION_LEVEL = 0;
				GCC_PREPROCESSOR_DEFINITIONS = (
					"DEBUG=1",
					"$(inherited)",
				);
				GCC_WARN_64_TO_32_BIT_CONVERSION = YES;
				GCC_WARN_ABOUT_RETURN_TYPE = YES_ERROR;
				GCC_WARN_UNDECLARED_SELECTOR = YES;
				GCC_WARN_UNINITIALIZED_AUTOS = YES_AGGRESSIVE;
				GCC_WARN_UNUSED_FUNCTION = YES;
				GCC_WARN_UNUSED_VARIABLE = YES;
				IPHONEOS_DEPLOYMENT_TARGET = 15.4;
				MTL_ENABLE_DEBUG_INFO = INCLUDE_SOURCE;
				MTL_FAST_MATH = YES;
				ONLY_ACTIVE_ARCH = YES;
				SDKROOT = iphoneos;
				SWIFT_ACTIVE_COMPILATION_CONDITIONS = DEBUG;
				SWIFT_OPTIMIZATION_LEVEL = "-Onone";
			};
			name = Debug;
		};
		1D2C9C0C281A6FBD00061B5B /* Release */ = {
			isa = XCBuildConfiguration;
			buildSettings = {
				ALWAYS_SEARCH_USER_PATHS = NO;
				CLANG_ANALYZER_NONNULL = YES;
				CLANG_ANALYZER_NUMBER_OBJECT_CONVERSION = YES_AGGRESSIVE;
				CLANG_CXX_LANGUAGE_STANDARD = "gnu++17";
				CLANG_ENABLE_MODULES = YES;
				CLANG_ENABLE_OBJC_ARC = YES;
				CLANG_ENABLE_OBJC_WEAK = YES;
				CLANG_WARN_BLOCK_CAPTURE_AUTORELEASING = YES;
				CLANG_WARN_BOOL_CONVERSION = YES;
				CLANG_WARN_COMMA = YES;
				CLANG_WARN_CONSTANT_CONVERSION = YES;
				CLANG_WARN_DEPRECATED_OBJC_IMPLEMENTATIONS = YES;
				CLANG_WARN_DIRECT_OBJC_ISA_USAGE = YES_ERROR;
				CLANG_WARN_DOCUMENTATION_COMMENTS = YES;
				CLANG_WARN_EMPTY_BODY = YES;
				CLANG_WARN_ENUM_CONVERSION = YES;
				CLANG_WARN_INFINITE_RECURSION = YES;
				CLANG_WARN_INT_CONVERSION = YES;
				CLANG_WARN_NON_LITERAL_NULL_CONVERSION = YES;
				CLANG_WARN_OBJC_IMPLICIT_RETAIN_SELF = YES;
				CLANG_WARN_OBJC_LITERAL_CONVERSION = YES;
				CLANG_WARN_OBJC_ROOT_CLASS = YES_ERROR;
				CLANG_WARN_QUOTED_INCLUDE_IN_FRAMEWORK_HEADER = YES;
				CLANG_WARN_RANGE_LOOP_ANALYSIS = YES;
				CLANG_WARN_STRICT_PROTOTYPES = YES;
				CLANG_WARN_SUSPICIOUS_MOVE = YES;
				CLANG_WARN_UNGUARDED_AVAILABILITY = YES_AGGRESSIVE;
				CLANG_WARN_UNREACHABLE_CODE = YES;
				CLANG_WARN__DUPLICATE_METHOD_MATCH = YES;
				COPY_PHASE_STRIP = NO;
				DEBUG_INFORMATION_FORMAT = "dwarf-with-dsym";
				ENABLE_NS_ASSERTIONS = NO;
				ENABLE_STRICT_OBJC_MSGSEND = YES;
				GCC_C_LANGUAGE_STANDARD = gnu11;
				GCC_NO_COMMON_BLOCKS = YES;
				GCC_WARN_64_TO_32_BIT_CONVERSION = YES;
				GCC_WARN_ABOUT_RETURN_TYPE = YES_ERROR;
				GCC_WARN_UNDECLARED_SELECTOR = YES;
				GCC_WARN_UNINITIALIZED_AUTOS = YES_AGGRESSIVE;
				GCC_WARN_UNUSED_FUNCTION = YES;
				GCC_WARN_UNUSED_VARIABLE = YES;
				IPHONEOS_DEPLOYMENT_TARGET = 15.4;
				MTL_ENABLE_DEBUG_INFO = NO;
				MTL_FAST_MATH = YES;
				SDKROOT = iphoneos;
				SWIFT_COMPILATION_MODE = wholemodule;
				SWIFT_OPTIMIZATION_LEVEL = "-O";
				VALIDATE_PRODUCT = YES;
			};
			name = Release;
		};
		1D2C9C0E281A6FBD00061B5B /* Debug */ = {
			isa = XCBuildConfiguration;
			buildSettings = {
				ASSETCATALOG_COMPILER_APPICON_NAME = AppIcon;
				ASSETCATALOG_COMPILER_GLOBAL_ACCENT_COLOR_NAME = AccentColor;
				CODE_SIGN_STYLE = Automatic;
				CURRENT_PROJECT_VERSION = 1;
				DEVELOPMENT_TEAM = DVL363TLWB;
				GENERATE_INFOPLIST_FILE = YES;
				INFOPLIST_FILE = NanoChallenge1/Info.plist;
				INFOPLIST_KEY_UIApplicationSupportsIndirectInputEvents = YES;
				INFOPLIST_KEY_UILaunchStoryboardName = LaunchScreen;
				INFOPLIST_KEY_UIMainStoryboardFile = Main;
				INFOPLIST_KEY_UISupportedInterfaceOrientations_iPad = "UIInterfaceOrientationPortrait UIInterfaceOrientationPortraitUpsideDown UIInterfaceOrientationLandscapeLeft UIInterfaceOrientationLandscapeRight";
				INFOPLIST_KEY_UISupportedInterfaceOrientations_iPhone = "UIInterfaceOrientationPortrait UIInterfaceOrientationLandscapeLeft UIInterfaceOrientationLandscapeRight";
				LD_RUNPATH_SEARCH_PATHS = (
					"$(inherited)",
					"@executable_path/Frameworks",
				);
				MARKETING_VERSION = 1.0;
				PRODUCT_BUNDLE_IDENTIFIER = zackyilahi.azmi.NanoChallenge1;
				PRODUCT_NAME = "$(TARGET_NAME)";
				SWIFT_EMIT_LOC_STRINGS = YES;
				SWIFT_VERSION = 5.0;
				TARGETED_DEVICE_FAMILY = "1,2";
			};
			name = Debug;
		};
		1D2C9C0F281A6FBD00061B5B /* Release */ = {
			isa = XCBuildConfiguration;
			buildSettings = {
				ASSETCATALOG_COMPILER_APPICON_NAME = AppIcon;
				ASSETCATALOG_COMPILER_GLOBAL_ACCENT_COLOR_NAME = AccentColor;
				CODE_SIGN_STYLE = Automatic;
				CURRENT_PROJECT_VERSION = 1;
				DEVELOPMENT_TEAM = DVL363TLWB;
				GENERATE_INFOPLIST_FILE = YES;
				INFOPLIST_FILE = NanoChallenge1/Info.plist;
				INFOPLIST_KEY_UIApplicationSupportsIndirectInputEvents = YES;
				INFOPLIST_KEY_UILaunchStoryboardName = LaunchScreen;
				INFOPLIST_KEY_UIMainStoryboardFile = Main;
				INFOPLIST_KEY_UISupportedInterfaceOrientations_iPad = "UIInterfaceOrientationPortrait UIInterfaceOrientationPortraitUpsideDown UIInterfaceOrientationLandscapeLeft UIInterfaceOrientationLandscapeRight";
				INFOPLIST_KEY_UISupportedInterfaceOrientations_iPhone = "UIInterfaceOrientationPortrait UIInterfaceOrientationLandscapeLeft UIInterfaceOrientationLandscapeRight";
				LD_RUNPATH_SEARCH_PATHS = (
					"$(inherited)",
					"@executable_path/Frameworks",
				);
				MARKETING_VERSION = 1.0;
				PRODUCT_BUNDLE_IDENTIFIER = zackyilahi.azmi.NanoChallenge1;
				PRODUCT_NAME = "$(TARGET_NAME)";
				SWIFT_EMIT_LOC_STRINGS = YES;
				SWIFT_VERSION = 5.0;
				TARGETED_DEVICE_FAMILY = "1,2";
			};
			name = Release;
		};
/* End XCBuildConfiguration section */

/* Begin XCConfigurationList section */
		1D2C9BF4281A6FBC00061B5B /* Build configuration list for PBXProject "NanoChallenge1" */ = {
			isa = XCConfigurationList;
			buildConfigurations = (
				1D2C9C0B281A6FBD00061B5B /* Debug */,
				1D2C9C0C281A6FBD00061B5B /* Release */,
			);
			defaultConfigurationIsVisible = 0;
			defaultConfigurationName = Release;
		};
		1D2C9C0D281A6FBD00061B5B /* Build configuration list for PBXNativeTarget "NanoChallenge1" */ = {
			isa = XCConfigurationList;
			buildConfigurations = (
				1D2C9C0E281A6FBD00061B5B /* Debug */,
				1D2C9C0F281A6FBD00061B5B /* Release */,
			);
			defaultConfigurationIsVisible = 0;
			defaultConfigurationName = Release;
		};
/* End XCConfigurationList section */
	};
	rootObject = 1D2C9BF1281A6FBC00061B5B /* Project object */;
}
